
Microsoft Visual Studio Solution File, Format Version 12.00
# Visual Studio Version 17
VisualStudioVersion = 17.7.34202.233
MinimumVisualStudioVersion = 10.0.40219.1
Project("{FAE04EC0-301F-11D3-BF4B-00C04F79EFBC}") = "DragonApp", "DragonApp\DragonApp.csproj", "{ED5A3EA4-1982-4535-9865-0A707CD8AA82}"
EndProject
Project("{FAE04EC0-301F-11D3-BF4B-00C04F79EFBC}") = "CurveApp", "..\CurveApp\CurveApp\CurveApp.csproj", "{B4A17F57-7310-4220-A7CB-5D00C4B14A52}"
EndProject
Global
	GlobalSection(SolutionConfigurationPlatforms) = preSolution
		Debug|Any CPU = Debug|Any CPU
		Release|Any CPU = Release|Any CPU
	EndGlobalSection
	GlobalSection(ProjectConfigurationPlatforms) = postSolution
		{ED5A3EA4-1982-4535-9865-0A707CD8AA82}.Debug|Any CPU.ActiveCfg = Debug|Any CPU
		{ED5A3EA4-1982-4535-9865-0A707CD8AA82}.Debug|Any CPU.Build.0 = Debug|Any CPU
		{ED5A3EA4-1982-4535-9865-0A707CD8AA82}.Release|Any CPU.ActiveCfg = Release|Any CPU
		{ED5A3EA4-1982-4535-9865-0A707CD8AA82}.Release|Any CPU.Build.0 = Release|Any CPU
		{B4A17F57-7310-4220-A7CB-5D00C4B14A52}.Debug|Any CPU.ActiveCfg = Debug|Any CPU
		{B4A17F57-7310-4220-A7CB-5D00C4B14A52}.Debug|Any CPU.Build.0 = Debug|Any CPU
		{B4A17F57-7310-4220-A7CB-5D00C4B14A52}.Release|Any CPU.ActiveCfg = Release|Any CPU
		{B4A17F57-7310-4220-A7CB-5D00C4B14A52}.Release|Any CPU.Build.0 = Release|Any CPU
	EndGlobalSection
	GlobalSection(SolutionProperties) = preSolution
		HideSolutionNode = FALSE
	EndGlobalSection
	GlobalSection(ExtensibilityGlobals) = postSolution
		SolutionGuid = {939D8F5E-C42E-4262-9F93-27D79F16E93E}
	EndGlobalSection
EndGlobal
